
Microsoft Visual Studio Solution File, Format Version 12.00
# Visual Studio Version 16
VisualStudioVersion = 16.0.30804.86
MinimumVisualStudioVersion = 10.0.40219.1
Project("{888888A0-9F3D-457C-B088-3A5042F75D52}") = "CrissCross", "CrissCross\CrissCross.pyproj", "{EBF75176-2B7D-40D0-8E90-18A932AF16EF}"
EndProject
Global
	GlobalSection(SolutionConfigurationPlatforms) = preSolution
		Debug|Any CPU = Debug|Any CPU
		Release|Any CPU = Release|Any CPU
	EndGlobalSection
	GlobalSection(ProjectConfigurationPlatforms) = postSolution
		{EBF75176-2B7D-40D0-8E90-18A932AF16EF}.Debug|Any CPU.ActiveCfg = Debug|Any CPU
		{EBF75176-2B7D-40D0-8E90-18A932AF16EF}.Release|Any CPU.ActiveCfg = Release|Any CPU
	EndGlobalSection
	GlobalSection(SolutionProperties) = preSolution
		HideSolutionNode = FALSE
	EndGlobalSection
	GlobalSection(ExtensibilityGlobals) = postSolution
		SolutionGuid = {2B9C91FA-2063-4DC4-B71D-538F976D5F27}
	EndGlobalSection
EndGlobal
